{
  "locked_at": "2029-12-15T00:00:00+00:00",
  "pilot_sha256": "c8d14a446d8cdc5a8f76dfad8139cfed9da0158552898b04df02d6091676b8df",
  "policy_sha256": "90e69febe02a46875030fe1567fa8398912cd5d815478d5716f0055fef647f0e",
  "projected_units": 20900,
  "quota_sha256": "20a966563587f44637fa2f16b41d0b677946f0969e3fd5c96abf88e01d112967",
  "schema": 1,
  "volume_sha256": "f3b0432f45de9a4536d39f07db2caa0d649731455a56cf47de2b60125738c655"
}
